
Microsoft Visual Studio Solution File, Format Version 12.00
# Visual Studio Version 17
VisualStudioVersion = 17.11.35303.130
MinimumVisualStudioVersion = 10.0.40219.1
Project("{FAE04EC0-301F-11D3-BF4B-00C04F79EFBC}") = "Script", "Script.csproj", "{36CCF0DE-AF3A-4075-8749-ADD8C29A3DAC}"
EndProject
Global
	GlobalSection(SolutionConfigurationPlatforms) = preSolution
		Debug|Any CPU = Debug|Any CPU
		Release|Any CPU = Release|Any CPU
	EndGlobalSection
	GlobalSection(ProjectConfigurationPlatforms) = postSolution
		{36CCF0DE-AF3A-4075-8749-ADD8C29A3DAC}.Debug|Any CPU.ActiveCfg = Debug|Any CPU
		{36CCF0DE-AF3A-4075-8749-ADD8C29A3DAC}.Debug|Any CPU.Build.0 = Debug|Any CPU
		{36CCF0DE-AF3A-4075-8749-ADD8C29A3DAC}.Release|Any CPU.ActiveCfg = Release|Any CPU
		{36CCF0DE-AF3A-4075-8749-ADD8C29A3DAC}.Release|Any CPU.Build.0 = Release|Any CPU
	EndGlobalSection
	GlobalSection(SolutionProperties) = preSolution
		HideSolutionNode = FALSE
	EndGlobalSection
	GlobalSection(ExtensibilityGlobals) = postSolution
		SolutionGuid = {A5E3A829-07C5-4587-9394-82D52693D1BF}
	EndGlobalSection
EndGlobal
